{
  "originHash" : "f20af25adf705f95489f8888bb2a87a8355da69c24e7bd346d0f7ccf60dbc9bb",
  "pins" : [
    {
      "identity" : "chameleon",
      "kind" : "remoteSourceControl",
      "location" : "https://github.com/dwsdolce/Chameleon",
      "state" : {
        "revision" : "916fb01bec2b8c7b7a274ba16be4341ee73b74f8",
        "version" : "2.2.1"
      }
    },
    {
      "identity" : "realm-core",
      "kind" : "remoteSourceControl",
      "location" : "https://github.com/realm/realm-core.git",
      "state" : {
        "revision" : "85eeca41654cc9070ad81a21a4b1d153ad467c33",
        "version" : "14.13.1"
      }
    },
    {
      "identity" : "realm-swift",
      "kind" : "remoteSourceControl",
      "location" : "https://github.com/realm/realm-swift.git",
      "state" : {
        "branch" : "master",
        "revision" : "1f09fb14dd9d275b5686016fe8508d491b87cb0b"
      }
    }
  ],
  "version" : 3
}
